{
  "nodes": {
    "cura5_appimage": {
      "flake": false,
      "locked": {
        "narHash": "sha256-kK4jJvLjAiOj609AQILNhc3BvMUcVV42J3H+xa/rmpQ=",
        "type": "file",
        "url": "https://github.com/Ultimaker/Cura/releases/download/5.2.1/Ultimaker-Cura-5.2.1-linux-modern.AppImage"
      },
      "original": {
        "type": "file",
        "url": "https://github.com/Ultimaker/Cura/releases/download/5.2.1/Ultimaker-Cura-5.2.1-linux-modern.AppImage"
      }
    },
    "flake-utils": {
      "locked": {
        "lastModified": 1667395993,
        "narHash": "sha256-nuEHfE/LcWyuSWnS8t12N1wc105Qtau+/OdUAjtQ0rA=",
        "owner": "numtide",
        "repo": "flake-utils",
        "rev": "5aed5285a952e0b949eb3ba02c12fa4fcfef535f",
        "type": "github"
      },
      "original": {
        "id": "flake-utils",
        "type": "indirect"
      }
    },
    "nixpkgs": {
      "locked": {
        "lastModified": 1673056779,
        "narHash": "sha256-+Mjz9puicCHhik7QQxm9SviN0T8cLznIXqMTAoau4dA=",
        "owner": "NixOS",
        "repo": "nixpkgs",
        "rev": "8c03897e2622f4bc8060370736df431d5942522c",
        "type": "github"
      },
      "original": {
        "owner": "NixOS",
        "ref": "nixos-22.11",
        "repo": "nixpkgs",
        "type": "github"
      }
    },
    "root": {
      "inputs": {
        "cura5_appimage": "cura5_appimage",
        "flake-utils": "flake-utils",
        "nixpkgs": "nixpkgs"
      }
    }
  },
  "root": "root",
  "version": 7
}
